
Microsoft Visual Studio Solution File, Format Version 12.00
# Visual Studio 14
VisualStudioVersion = 14.0.25420.1
MinimumVisualStudioVersion = 10.0.40219.1
Project("{FAE04EC0-301F-11D3-BF4B-00C04F79EFBC}") = "Steam Tunnel GUI", "Steam Tunnel GUI\Steam Tunnel GUI.csproj", "{18B822ED-4B80-4672-98B6-29FD53A870ED}"
EndProject
Project("{FAE04EC0-301F-11D3-BF4B-00C04F79EFBC}") = "Steam Tunnel", "Steam Tunnel\Steam Tunnel.csproj", "{160A2BE0-AC18-4C3B-BD47-C12BAE8269CA}"
EndProject
Global
	GlobalSection(SolutionConfigurationPlatforms) = preSolution
		Debug|Any CPU = Debug|Any CPU
		Release|Any CPU = Release|Any CPU
	EndGlobalSection
	GlobalSection(ProjectConfigurationPlatforms) = postSolution
		{18B822ED-4B80-4672-98B6-29FD53A870ED}.Debug|Any CPU.ActiveCfg = Debug|Any CPU
		{18B822ED-4B80-4672-98B6-29FD53A870ED}.Debug|Any CPU.Build.0 = Debug|Any CPU
		{18B822ED-4B80-4672-98B6-29FD53A870ED}.Release|Any CPU.ActiveCfg = Release|Any CPU
		{18B822ED-4B80-4672-98B6-29FD53A870ED}.Release|Any CPU.Build.0 = Release|Any CPU
		{160A2BE0-AC18-4C3B-BD47-C12BAE8269CA}.Debug|Any CPU.ActiveCfg = Debug|Any CPU
		{160A2BE0-AC18-4C3B-BD47-C12BAE8269CA}.Debug|Any CPU.Build.0 = Debug|Any CPU
		{160A2BE0-AC18-4C3B-BD47-C12BAE8269CA}.Release|Any CPU.ActiveCfg = Release|Any CPU
		{160A2BE0-AC18-4C3B-BD47-C12BAE8269CA}.Release|Any CPU.Build.0 = Release|Any CPU
	EndGlobalSection
	GlobalSection(SolutionProperties) = preSolution
		HideSolutionNode = FALSE
	EndGlobalSection
EndGlobal
